
Microsoft Visual Studio Solution File, Format Version 12.00
# Visual Studio 15
VisualStudioVersion = 15.0.26228.4
MinimumVisualStudioVersion = 10.0.40219.1
Project("{D954291E-2A0B-460D-934E-DC6B0785DB48}") = "TestApp2", "TestApp2\TestApp2\TestApp2.shproj", "{1321AFFC-555A-4840-A0C7-D75B4434B14B}"
EndProject
Project("{FAE04EC0-301F-11D3-BF4B-00C04F79EFBC}") = "TestApp2.Android", "TestApp2\TestApp2.Android\TestApp2.Android.csproj", "{12C05304-F78F-4CD7-A19D-A7D3A4573AF9}"
EndProject
Project("{FAE04EC0-301F-11D3-BF4B-00C04F79EFBC}") = "TestApp2.iOS", "TestApp2\TestApp2.iOS\TestApp2.iOS.csproj", "{2C34F5A5-A06A-4342-BC8C-9734A9CC17D9}"
EndProject
Project("{FAE04EC0-301F-11D3-BF4B-00C04F79EFBC}") = "TestApp2.UWP", "TestApp2\TestApp2.UWP\TestApp2.UWP.csproj", "{32F017BA-42BE-4687-80B6-E005216BC3BF}"
EndProject
Global
	GlobalSection(SharedMSBuildProjectFiles) = preSolution
		TestApp2\TestApp2\TestApp2.projitems*{12c05304-f78f-4cd7-a19d-a7d3a4573af9}*SharedItemsImports = 4
		TestApp2\TestApp2\TestApp2.projitems*{1321affc-555a-4840-a0c7-d75b4434b14b}*SharedItemsImports = 13
		TestApp2\TestApp2\TestApp2.projitems*{2c34f5a5-a06a-4342-bc8c-9734a9cc17d9}*SharedItemsImports = 4
		TestApp2\TestApp2\TestApp2.projitems*{32f017ba-42be-4687-80b6-e005216bc3bf}*SharedItemsImports = 4
	EndGlobalSection
	GlobalSection(SolutionConfigurationPlatforms) = preSolution
		Ad-Hoc|Any CPU = Ad-Hoc|Any CPU
		Ad-Hoc|ARM = Ad-Hoc|ARM
		Ad-Hoc|iPhone = Ad-Hoc|iPhone
		Ad-Hoc|iPhoneSimulator = Ad-Hoc|iPhoneSimulator
		Ad-Hoc|x64 = Ad-Hoc|x64
		Ad-Hoc|x86 = Ad-Hoc|x86
		AppStore|Any CPU = AppStore|Any CPU
		AppStore|ARM = AppStore|ARM
		AppStore|iPhone = AppStore|iPhone
		AppStore|iPhoneSimulator = AppStore|iPhoneSimulator
		AppStore|x64 = AppStore|x64
		AppStore|x86 = AppStore|x86
		Debug|Any CPU = Debug|Any CPU
		Debug|ARM = Debug|ARM
		Debug|iPhone = Debug|iPhone
		Debug|iPhoneSimulator = Debug|iPhoneSimulator
		Debug|x64 = Debug|x64
		Debug|x86 = Debug|x86
		Release|Any CPU = Release|Any CPU
		Release|ARM = Release|ARM
		Release|iPhone = Release|iPhone
		Release|iPhoneSimulator = Release|iPhoneSimulator
		Release|x64 = Release|x64
		Release|x86 = Release|x86
	EndGlobalSection
	GlobalSection(ProjectConfigurationPlatforms) = postSolution
		{12C05304-F78F-4CD7-A19D-A7D3A4573AF9}.Ad-Hoc|Any CPU.ActiveCfg = Release|Any CPU
		{12C05304-F78F-4CD7-A19D-A7D3A4573AF9}.Ad-Hoc|Any CPU.Build.0 = Release|Any CPU
		{12C05304-F78F-4CD7-A19D-A7D3A4573AF9}.Ad-Hoc|Any CPU.Deploy.0 = Release|Any CPU
		{12C05304-F78F-4CD7-A19D-A7D3A4573AF9}.Ad-Hoc|ARM.ActiveCfg = Release|Any CPU
		{12C05304-F78F-4CD7-A19D-A7D3A4573AF9}.Ad-Hoc|ARM.Build.0 = Release|Any CPU
		{12C05304-F78F-4CD7-A19D-A7D3A4573AF9}.Ad-Hoc|ARM.Deploy.0 = Release|Any CPU
		{12C05304-F78F-4CD7-A19D-A7D3A4573AF9}.Ad-Hoc|iPhone.ActiveCfg = Release|Any CPU
		{12C05304-F78F-4CD7-A19D-A7D3A4573AF9}.Ad-Hoc|iPhone.Build.0 = Release|Any CPU
		{12C05304-F78F-4CD7-A19D-A7D3A4573AF9}.Ad-Hoc|iPhone.Deploy.0 = Release|Any CPU
		{12C05304-F78F-4CD7-A19D-A7D3A4573AF9}.Ad-Hoc|iPhoneSimulator.ActiveCfg = Release|Any CPU
		{12C05304-F78F-4CD7-A19D-A7D3A4573AF9}.Ad-Hoc|iPhoneSimulator.Build.0 = Release|Any CPU
		{12C05304-F78F-4CD7-A19D-A7D3A4573AF9}.Ad-Hoc|iPhoneSimulator.Deploy.0 = Release|Any CPU
		{12C05304-F78F-4CD7-A19D-A7D3A4573AF9}.Ad-Hoc|x64.ActiveCfg = Release|Any CPU
		{12C05304-F78F-4CD7-A19D-A7D3A4573AF9}.Ad-Hoc|x64.Build.0 = Release|Any CPU
		{12C05304-F78F-4CD7-A19D-A7D3A4573AF9}.Ad-Hoc|x64.Deploy.0 = Release|Any CPU
		{12C05304-F78F-4CD7-A19D-A7D3A4573AF9}.Ad-Hoc|x86.ActiveCfg = Release|Any CPU
		{12C05304-F78F-4CD7-A19D-A7D3A4573AF9}.Ad-Hoc|x86.Build.0 = Release|Any CPU
		{12C05304-F78F-4CD7-A19D-A7D3A4573AF9}.Ad-Hoc|x86.Deploy.0 = Release|Any CPU
		{12C05304-F78F-4CD7-A19D-A7D3A4573AF9}.AppStore|Any CPU.ActiveCfg = Release|Any CPU
		{12C05304-F78F-4CD7-A19D-A7D3A4573AF9}.AppStore|Any CPU.Build.0 = Release|Any CPU
		{12C05304-F78F-4CD7-A19D-A7D3A4573AF9}.AppStore|Any CPU.Deploy.0 = Release|Any CPU
		{12C05304-F78F-4CD7-A19D-A7D3A4573AF9}.AppStore|ARM.ActiveCfg = Release|Any CPU
		{12C05304-F78F-4CD7-A19D-A7D3A4573AF9}.AppStore|ARM.Build.0 = Release|Any CPU
		{12C05304-F78F-4CD7-A19D-A7D3A4573AF9}.AppStore|ARM.Deploy.0 = Release|Any CPU
		{12C05304-F78F-4CD7-A19D-A7D3A4573AF9}.AppStore|iPhone.ActiveCfg = Release|Any CPU
		{12C05304-F78F-4CD7-A19D-A7D3A4573AF9}.AppStore|iPhone.Build.0 = Release|Any CPU
		{12C05304-F78F-4CD7-A19D-A7D3A4573AF9}.AppStore|iPhone.Deploy.0 = Release|Any CPU
		{12C05304-F78F-4CD7-A19D-A7D3A4573AF9}.AppStore|iPhoneSimulator.ActiveCfg = Release|Any CPU
		{12C05304-F78F-4CD7-A19D-A7D3A4573AF9}.AppStore|iPhoneSimulator.Build.0 = Release|Any CPU
		{12C05304-F78F-4CD7-A19D-A7D3A4573AF9}.AppStore|iPhoneSimulator.Deploy.0 = Release|Any CPU
		{12C05304-F78F-4CD7-A19D-A7D3A4573AF9}.AppStore|x64.ActiveCfg = Release|Any CPU
		{12C05304-F78F-4CD7-A19D-A7D3A4573AF9}.AppStore|x64.Build.0 = Release|Any CPU
		{12C05304-F78F-4CD7-A19D-A7D3A4573AF9}.AppStore|x64.Deploy.0 = Release|Any CPU
		{12C05304-F78F-4CD7-A19D-A7D3A4573AF9}.AppStore|x86.ActiveCfg = Release|Any CPU
		{12C05304-F78F-4CD7-A19D-A7D3A4573AF9}.AppStore|x86.Build.0 = Release|Any CPU
		{12C05304-F78F-4CD7-A19D-A7D3A4573AF9}.AppStore|x86.Deploy.0 = Release|Any CPU
		{12C05304-F78F-4CD7-A19D-A7D3A4573AF9}.Debug|Any CPU.ActiveCfg = Debug|Any CPU
		{12C05304-F78F-4CD7-A19D-A7D3A4573AF9}.Debug|Any CPU.Build.0 = Debug|Any CPU
		{12C05304-F78F-4CD7-A19D-A7D3A4573AF9}.Debug|Any CPU.Deploy.0 = Debug|Any CPU
		{12C05304-F78F-4CD7-A19D-A7D3A4573AF9}.Debug|ARM.ActiveCfg = Debug|Any CPU
		{12C05304-F78F-4CD7-A19D-A7D3A4573AF9}.Debug|ARM.Build.0 = Debug|Any CPU
		{12C05304-F78F-4CD7-A19D-A7D3A4573AF9}.Debug|ARM.Deploy.0 = Debug|Any CPU
		{12C05304-F78F-4CD7-A19D-A7D3A4573AF9}.Debug|iPhone.ActiveCfg = Debug|Any CPU
		{12C05304-F78F-4CD7-A19D-A7D3A4573AF9}.Debug|iPhone.Build.0 = Debug|Any CPU
		{12C05304-F78F-4CD7-A19D-A7D3A4573AF9}.Debug|iPhone.Deploy.0 = Debug|Any CPU
		{12C05304-F78F-4CD7-A19D-A7D3A4573AF9}.Debug|iPhoneSimulator.ActiveCfg = Debug|Any CPU
		{12C05304-F78F-4CD7-A19D-A7D3A4573AF9}.Debug|iPhoneSimulator.Build.0 = Debug|Any CPU
		{12C05304-F78F-4CD7-A19D-A7D3A4573AF9}.Debug|iPhoneSimulator.Deploy.0 = Debug|Any CPU
		{12C05304-F78F-4CD7-A19D-A7D3A4573AF9}.Debug|x64.ActiveCfg = Debug|Any CPU
		{12C05304-F78F-4CD7-A19D-A7D3A4573AF9}.Debug|x64.Build.0 = Debug|Any CPU
		{12C05304-F78F-4CD7-A19D-A7D3A4573AF9}.Debug|x64.Deploy.0 = Debug|Any CPU
		{12C05304-F78F-4CD7-A19D-A7D3A4573AF9}.Debug|x86.ActiveCfg = Debug|Any CPU
		{12C05304-F78F-4CD7-A19D-A7D3A4573AF9}.Debug|x86.Build.0 = Debug|Any CPU
		{12C05304-F78F-4CD7-A19D-A7D3A4573AF9}.Debug|x86.Deploy.0 = Debug|Any CPU
		{12C05304-F78F-4CD7-A19D-A7D3A4573AF9}.Release|Any CPU.ActiveCfg = Release|Any CPU
		{12C05304-F78F-4CD7-A19D-A7D3A4573AF9}.Release|Any CPU.Build.0 = Release|Any CPU
		{12C05304-F78F-4CD7-A19D-A7D3A4573AF9}.Release|Any CPU.Deploy.0 = Release|Any CPU
		{12C05304-F78F-4CD7-A19D-A7D3A4573AF9}.Release|ARM.ActiveCfg = Release|Any CPU
		{12C05304-F78F-4CD7-A19D-A7D3A4573AF9}.Release|ARM.Build.0 = Release|Any CPU
		{12C05304-F78F-4CD7-A19D-A7D3A4573AF9}.Release|ARM.Deploy.0 = Release|Any CPU
		{12C05304-F78F-4CD7-A19D-A7D3A4573AF9}.Release|iPhone.ActiveCfg = Release|Any CPU
		{12C05304-F78F-4CD7-A19D-A7D3A4573AF9}.Release|iPhone.Build.0 = Release|Any CPU
		{12C05304-F78F-4CD7-A19D-A7D3A4573AF9}.Release|iPhone.Deploy.0 = Release|Any CPU
		{12C05304-F78F-4CD7-A19D-A7D3A4573AF9}.Release|iPhoneSimulator.ActiveCfg = Release|Any CPU
		{12C05304-F78F-4CD7-A19D-A7D3A4573AF9}.Release|iPhoneSimulator.Build.0 = Release|Any CPU
		{12C05304-F78F-4CD7-A19D-A7D3A4573AF9}.Release|iPhoneSimulator.Deploy.0 = Release|Any CPU
		{12C05304-F78F-4CD7-A19D-A7D3A4573AF9}.Release|x64.ActiveCfg = Release|Any CPU
		{12C05304-F78F-4CD7-A19D-A7D3A4573AF9}.Release|x64.Build.0 = Release|Any CPU
		{12C05304-F78F-4CD7-A19D-A7D3A4573AF9}.Release|x64.Deploy.0 = Release|Any CPU
		{12C05304-F78F-4CD7-A19D-A7D3A4573AF9}.Release|x86.ActiveCfg = Release|Any CPU
		{12C05304-F78F-4CD7-A19D-A7D3A4573AF9}.Release|x86.Build.0 = Release|Any CPU
		{12C05304-F78F-4CD7-A19D-A7D3A4573AF9}.Release|x86.Deploy.0 = Release|Any CPU
		{2C34F5A5-A06A-4342-BC8C-9734A9CC17D9}.Ad-Hoc|Any CPU.ActiveCfg = Ad-Hoc|iPhone
		{2C34F5A5-A06A-4342-BC8C-9734A9CC17D9}.Ad-Hoc|ARM.ActiveCfg = Ad-Hoc|iPhone
		{2C34F5A5-A06A-4342-BC8C-9734A9CC17D9}.Ad-Hoc|iPhone.ActiveCfg = Ad-Hoc|iPhone
		{2C34F5A5-A06A-4342-BC8C-9734A9CC17D9}.Ad-Hoc|iPhone.Build.0 = Ad-Hoc|iPhone
		{2C34F5A5-A06A-4342-BC8C-9734A9CC17D9}.Ad-Hoc|iPhoneSimulator.ActiveCfg = Ad-Hoc|iPhoneSimulator
		{2C34F5A5-A06A-4342-BC8C-9734A9CC17D9}.Ad-Hoc|iPhoneSimulator.Build.0 = Ad-Hoc|iPhoneSimulator
		{2C34F5A5-A06A-4342-BC8C-9734A9CC17D9}.Ad-Hoc|x64.ActiveCfg = Ad-Hoc|iPhone
		{2C34F5A5-A06A-4342-BC8C-9734A9CC17D9}.Ad-Hoc|x86.ActiveCfg = Ad-Hoc|iPhone
		{2C34F5A5-A06A-4342-BC8C-9734A9CC17D9}.AppStore|Any CPU.ActiveCfg = AppStore|iPhone
		{2C34F5A5-A06A-4342-BC8C-9734A9CC17D9}.AppStore|ARM.ActiveCfg = AppStore|iPhone
		{2C34F5A5-A06A-4342-BC8C-9734A9CC17D9}.AppStore|iPhone.ActiveCfg = AppStore|iPhone
		{2C34F5A5-A06A-4342-BC8C-9734A9CC17D9}.AppStore|iPhone.Build.0 = AppStore|iPhone
		{2C34F5A5-A06A-4342-BC8C-9734A9CC17D9}.AppStore|iPhoneSimulator.ActiveCfg = AppStore|iPhoneSimulator
		{2C34F5A5-A06A-4342-BC8C-9734A9CC17D9}.AppStore|iPhoneSimulator.Build.0 = AppStore|iPhoneSimulator
		{2C34F5A5-A06A-4342-BC8C-9734A9CC17D9}.AppStore|x64.ActiveCfg = AppStore|iPhone
		{2C34F5A5-A06A-4342-BC8C-9734A9CC17D9}.AppStore|x86.ActiveCfg = AppStore|iPhone
		{2C34F5A5-A06A-4342-BC8C-9734A9CC17D9}.Debug|Any CPU.ActiveCfg = Debug|iPhone
		{2C34F5A5-A06A-4342-BC8C-9734A9CC17D9}.Debug|ARM.ActiveCfg = Debug|iPhone
		{2C34F5A5-A06A-4342-BC8C-9734A9CC17D9}.Debug|iPhone.ActiveCfg = Debug|iPhone
		{2C34F5A5-A06A-4342-BC8C-9734A9CC17D9}.Debug|iPhone.Build.0 = Debug|iPhone
		{2C34F5A5-A06A-4342-BC8C-9734A9CC17D9}.Debug|iPhoneSimulator.ActiveCfg = Debug|iPhoneSimulator
		{2C34F5A5-A06A-4342-BC8C-9734A9CC17D9}.Debug|iPhoneSimulator.Build.0 = Debug|iPhoneSimulator
		{2C34F5A5-A06A-4342-BC8C-9734A9CC17D9}.Debug|x64.ActiveCfg = Debug|iPhone
		{2C34F5A5-A06A-4342-BC8C-9734A9CC17D9}.Debug|x86.ActiveCfg = Debug|iPhone
		{2C34F5A5-A06A-4342-BC8C-9734A9CC17D9}.Release|Any CPU.ActiveCfg = Release|iPhone
		{2C34F5A5-A06A-4342-BC8C-9734A9CC17D9}.Release|ARM.ActiveCfg = Release|iPhone
		{2C34F5A5-A06A-4342-BC8C-9734A9CC17D9}.Release|iPhone.ActiveCfg = Release|iPhone
		{2C34F5A5-A06A-4342-BC8C-9734A9CC17D9}.Release|iPhone.Build.0 = Release|iPhone
		{2C34F5A5-A06A-4342-BC8C-9734A9CC17D9}.Release|iPhoneSimulator.ActiveCfg = Release|iPhoneSimulator
		{2C34F5A5-A06A-4342-BC8C-9734A9CC17D9}.Release|iPhoneSimulator.Build.0 = Release|iPhoneSimulator
		{2C34F5A5-A06A-4342-BC8C-9734A9CC17D9}.Release|x64.ActiveCfg = Release|iPhone
		{2C34F5A5-A06A-4342-BC8C-9734A9CC17D9}.Release|x86.ActiveCfg = Release|iPhone
		{32F017BA-42BE-4687-80B6-E005216BC3BF}.Ad-Hoc|Any CPU.ActiveCfg = Release|x86
		{32F017BA-42BE-4687-80B6-E005216BC3BF}.Ad-Hoc|Any CPU.Build.0 = Release|x86
		{32F017BA-42BE-4687-80B6-E005216BC3BF}.Ad-Hoc|Any CPU.Deploy.0 = Release|x86
		{32F017BA-42BE-4687-80B6-E005216BC3BF}.Ad-Hoc|ARM.ActiveCfg = Release|ARM
		{32F017BA-42BE-4687-80B6-E005216BC3BF}.Ad-Hoc|ARM.Build.0 = Release|ARM
		{32F017BA-42BE-4687-80B6-E005216BC3BF}.Ad-Hoc|ARM.Deploy.0 = Release|ARM
		{32F017BA-42BE-4687-80B6-E005216BC3BF}.Ad-Hoc|iPhone.ActiveCfg = Release|x86
		{32F017BA-42BE-4687-80B6-E005216BC3BF}.Ad-Hoc|iPhone.Build.0 = Release|x86
		{32F017BA-42BE-4687-80B6-E005216BC3BF}.Ad-Hoc|iPhone.Deploy.0 = Release|x86
		{32F017BA-42BE-4687-80B6-E005216BC3BF}.Ad-Hoc|iPhoneSimulator.ActiveCfg = Release|x86
		{32F017BA-42BE-4687-80B6-E005216BC3BF}.Ad-Hoc|iPhoneSimulator.Build.0 = Release|x86
		{32F017BA-42BE-4687-80B6-E005216BC3BF}.Ad-Hoc|iPhoneSimulator.Deploy.0 = Release|x86
		{32F017BA-42BE-4687-80B6-E005216BC3BF}.Ad-Hoc|x64.ActiveCfg = Release|x64
		{32F017BA-42BE-4687-80B6-E005216BC3BF}.Ad-Hoc|x64.Build.0 = Release|x64
		{32F017BA-42BE-4687-80B6-E005216BC3BF}.Ad-Hoc|x64.Deploy.0 = Release|x64
		{32F017BA-42BE-4687-80B6-E005216BC3BF}.Ad-Hoc|x86.ActiveCfg = Release|x86
		{32F017BA-42BE-4687-80B6-E005216BC3BF}.Ad-Hoc|x86.Build.0 = Release|x86
		{32F017BA-42BE-4687-80B6-E005216BC3BF}.Ad-Hoc|x86.Deploy.0 = Release|x86
		{32F017BA-42BE-4687-80B6-E005216BC3BF}.AppStore|Any CPU.ActiveCfg = Release|x86
		{32F017BA-42BE-4687-80B6-E005216BC3BF}.AppStore|Any CPU.Build.0 = Release|x86
		{32F017BA-42BE-4687-80B6-E005216BC3BF}.AppStore|Any CPU.Deploy.0 = Release|x86
		{32F017BA-42BE-4687-80B6-E005216BC3BF}.AppStore|ARM.ActiveCfg = Release|ARM
		{32F017BA-42BE-4687-80B6-E005216BC3BF}.AppStore|ARM.Build.0 = Release|ARM
		{32F017BA-42BE-4687-80B6-E005216BC3BF}.AppStore|ARM.Deploy.0 = Release|ARM
		{32F017BA-42BE-4687-80B6-E005216BC3BF}.AppStore|iPhone.ActiveCfg = Release|x86
		{32F017BA-42BE-4687-80B6-E005216BC3BF}.AppStore|iPhone.Build.0 = Release|x86
		{32F017BA-42BE-4687-80B6-E005216BC3BF}.AppStore|iPhone.Deploy.0 = Release|x86
		{32F017BA-42BE-4687-80B6-E005216BC3BF}.AppStore|iPhoneSimulator.ActiveCfg = Release|x86
		{32F017BA-42BE-4687-80B6-E005216BC3BF}.AppStore|iPhoneSimulator.Build.0 = Release|x86
		{32F017BA-42BE-4687-80B6-E005216BC3BF}.AppStore|iPhoneSimulator.Deploy.0 = Release|x86
		{32F017BA-42BE-4687-80B6-E005216BC3BF}.AppStore|x64.ActiveCfg = Release|x64
		{32F017BA-42BE-4687-80B6-E005216BC3BF}.AppStore|x64.Build.0 = Release|x64
		{32F017BA-42BE-4687-80B6-E005216BC3BF}.AppStore|x64.Deploy.0 = Release|x64
		{32F017BA-42BE-4687-80B6-E005216BC3BF}.AppStore|x86.ActiveCfg = Release|x86
		{32F017BA-42BE-4687-80B6-E005216BC3BF}.AppStore|x86.Build.0 = Release|x86
		{32F017BA-42BE-4687-80B6-E005216BC3BF}.AppStore|x86.Deploy.0 = Release|x86
		{32F017BA-42BE-4687-80B6-E005216BC3BF}.Debug|Any CPU.ActiveCfg = Debug|x86
		{32F017BA-42BE-4687-80B6-E005216BC3BF}.Debug|Any CPU.Build.0 = Debug|x86
		{32F017BA-42BE-4687-80B6-E005216BC3BF}.Debug|Any CPU.Deploy.0 = Debug|x86
		{32F017BA-42BE-4687-80B6-E005216BC3BF}.Debug|ARM.ActiveCfg = Debug|ARM
		{32F017BA-42BE-4687-80B6-E005216BC3BF}.Debug|ARM.Build.0 = Debug|ARM
		{32F017BA-42BE-4687-80B6-E005216BC3BF}.Debug|ARM.Deploy.0 = Debug|ARM
		{32F017BA-42BE-4687-80B6-E005216BC3BF}.Debug|iPhone.ActiveCfg = Debug|x86
		{32F017BA-42BE-4687-80B6-E005216BC3BF}.Debug|iPhoneSimulator.ActiveCfg = Debug|x86
		{32F017BA-42BE-4687-80B6-E005216BC3BF}.Debug|x64.ActiveCfg = Debug|x64
		{32F017BA-42BE-4687-80B6-E005216BC3BF}.Debug|x64.Build.0 = Debug|x64
		{32F017BA-42BE-4687-80B6-E005216BC3BF}.Debug|x64.Deploy.0 = Debug|x64
		{32F017BA-42BE-4687-80B6-E005216BC3BF}.Debug|x86.ActiveCfg = Debug|x86
		{32F017BA-42BE-4687-80B6-E005216BC3BF}.Debug|x86.Build.0 = Debug|x86
		{32F017BA-42BE-4687-80B6-E005216BC3BF}.Debug|x86.Deploy.0 = Debug|x86
		{32F017BA-42BE-4687-80B6-E005216BC3BF}.Release|Any CPU.ActiveCfg = Release|x86
		{32F017BA-42BE-4687-80B6-E005216BC3BF}.Release|ARM.ActiveCfg = Release|ARM
		{32F017BA-42BE-4687-80B6-E005216BC3BF}.Release|ARM.Build.0 = Release|ARM
		{32F017BA-42BE-4687-80B6-E005216BC3BF}.Release|ARM.Deploy.0 = Release|ARM
		{32F017BA-42BE-4687-80B6-E005216BC3BF}.Release|iPhone.ActiveCfg = Release|x86
		{32F017BA-42BE-4687-80B6-E005216BC3BF}.Release|iPhoneSimulator.ActiveCfg = Release|x86
		{32F017BA-42BE-4687-80B6-E005216BC3BF}.Release|x64.ActiveCfg = Release|x64
		{32F017BA-42BE-4687-80B6-E005216BC3BF}.Release|x64.Build.0 = Release|x64
		{32F017BA-42BE-4687-80B6-E005216BC3BF}.Release|x64.Deploy.0 = Release|x64
		{32F017BA-42BE-4687-80B6-E005216BC3BF}.Release|x86.ActiveCfg = Release|x86
		{32F017BA-42BE-4687-80B6-E005216BC3BF}.Release|x86.Build.0 = Release|x86
		{32F017BA-42BE-4687-80B6-E005216BC3BF}.Release|x86.Deploy.0 = Release|x86
	EndGlobalSection
	GlobalSection(SolutionProperties) = preSolution
		HideSolutionNode = FALSE
	EndGlobalSection
EndGlobal
