
Microsoft Visual Studio Solution File, Format Version 12.00
# Visual Studio 15
VisualStudioVersion = 15.0.26228.9
MinimumVisualStudioVersion = 10.0.40219.1
Project("{D954291E-2A0B-460D-934E-DC6B0785DB48}") = "TestProject1", "TestProject1\TestProject1\TestProject1.shproj", "{911ABEE6-793C-462F-BCAF-1131C001C549}"
EndProject
Project("{FAE04EC0-301F-11D3-BF4B-00C04F79EFBC}") = "TestProject1.Android", "TestProject1\TestProject1.Android\TestProject1.Android.csproj", "{E39B4FC3-5F7D-4849-9783-3A30A35CD202}"
EndProject
Project("{FAE04EC0-301F-11D3-BF4B-00C04F79EFBC}") = "TestProject1.iOS", "TestProject1\TestProject1.iOS\TestProject1.iOS.csproj", "{1FD88E6D-B0D5-45CD-AA86-36D67193C2D0}"
EndProject
Project("{FAE04EC0-301F-11D3-BF4B-00C04F79EFBC}") = "TestProject1.Uwp", "TestProject1.Uwp\TestProject1.Uwp.csproj", "{87A4C43A-2C46-478E-8B04-2039E8D50602}"
EndProject
Project("{FAE04EC0-301F-11D3-BF4B-00C04F79EFBC}") = "Data", "Data\Data.csproj", "{67F9D3A8-F71E-4428-913F-C37AE82CDB24}"
EndProject
Project("{FAE04EC0-301F-11D3-BF4B-00C04F79EFBC}") = "ClassLibrary1", "ClassLibrary1\ClassLibrary1.csproj", "{233D62D9-7D31-4FCD-BCD4-4181D9A59C69}"
EndProject
Global
	GlobalSection(SharedMSBuildProjectFiles) = preSolution
		TestProject1\TestProject1\TestProject1.projitems*{1fd88e6d-b0d5-45cd-aa86-36d67193c2d0}*SharedItemsImports = 4
		TestProject1\TestProject1\TestProject1.projitems*{911abee6-793c-462f-bcaf-1131c001c549}*SharedItemsImports = 13
		TestProject1\TestProject1\TestProject1.projitems*{e39b4fc3-5f7d-4849-9783-3a30a35cd202}*SharedItemsImports = 4
	EndGlobalSection
	GlobalSection(SolutionConfigurationPlatforms) = preSolution
		Ad-Hoc|Any CPU = Ad-Hoc|Any CPU
		Ad-Hoc|ARM = Ad-Hoc|ARM
		Ad-Hoc|iPhone = Ad-Hoc|iPhone
		Ad-Hoc|iPhoneSimulator = Ad-Hoc|iPhoneSimulator
		Ad-Hoc|x64 = Ad-Hoc|x64
		Ad-Hoc|x86 = Ad-Hoc|x86
		AppStore|Any CPU = AppStore|Any CPU
		AppStore|ARM = AppStore|ARM
		AppStore|iPhone = AppStore|iPhone
		AppStore|iPhoneSimulator = AppStore|iPhoneSimulator
		AppStore|x64 = AppStore|x64
		AppStore|x86 = AppStore|x86
		Debug|Any CPU = Debug|Any CPU
		Debug|ARM = Debug|ARM
		Debug|iPhone = Debug|iPhone
		Debug|iPhoneSimulator = Debug|iPhoneSimulator
		Debug|x64 = Debug|x64
		Debug|x86 = Debug|x86
		Release|Any CPU = Release|Any CPU
		Release|ARM = Release|ARM
		Release|iPhone = Release|iPhone
		Release|iPhoneSimulator = Release|iPhoneSimulator
		Release|x64 = Release|x64
		Release|x86 = Release|x86
	EndGlobalSection
	GlobalSection(ProjectConfigurationPlatforms) = postSolution
		{E39B4FC3-5F7D-4849-9783-3A30A35CD202}.Ad-Hoc|Any CPU.ActiveCfg = Release|Any CPU
		{E39B4FC3-5F7D-4849-9783-3A30A35CD202}.Ad-Hoc|Any CPU.Build.0 = Release|Any CPU
		{E39B4FC3-5F7D-4849-9783-3A30A35CD202}.Ad-Hoc|Any CPU.Deploy.0 = Release|Any CPU
		{E39B4FC3-5F7D-4849-9783-3A30A35CD202}.Ad-Hoc|ARM.ActiveCfg = Debug|Any CPU
		{E39B4FC3-5F7D-4849-9783-3A30A35CD202}.Ad-Hoc|ARM.Build.0 = Debug|Any CPU
		{E39B4FC3-5F7D-4849-9783-3A30A35CD202}.Ad-Hoc|ARM.Deploy.0 = Debug|Any CPU
		{E39B4FC3-5F7D-4849-9783-3A30A35CD202}.Ad-Hoc|iPhone.ActiveCfg = Release|Any CPU
		{E39B4FC3-5F7D-4849-9783-3A30A35CD202}.Ad-Hoc|iPhone.Build.0 = Release|Any CPU
		{E39B4FC3-5F7D-4849-9783-3A30A35CD202}.Ad-Hoc|iPhone.Deploy.0 = Release|Any CPU
		{E39B4FC3-5F7D-4849-9783-3A30A35CD202}.Ad-Hoc|iPhoneSimulator.ActiveCfg = Release|Any CPU
		{E39B4FC3-5F7D-4849-9783-3A30A35CD202}.Ad-Hoc|iPhoneSimulator.Build.0 = Release|Any CPU
		{E39B4FC3-5F7D-4849-9783-3A30A35CD202}.Ad-Hoc|iPhoneSimulator.Deploy.0 = Release|Any CPU
		{E39B4FC3-5F7D-4849-9783-3A30A35CD202}.Ad-Hoc|x64.ActiveCfg = Debug|Any CPU
		{E39B4FC3-5F7D-4849-9783-3A30A35CD202}.Ad-Hoc|x64.Build.0 = Debug|Any CPU
		{E39B4FC3-5F7D-4849-9783-3A30A35CD202}.Ad-Hoc|x64.Deploy.0 = Debug|Any CPU
		{E39B4FC3-5F7D-4849-9783-3A30A35CD202}.Ad-Hoc|x86.ActiveCfg = Debug|Any CPU
		{E39B4FC3-5F7D-4849-9783-3A30A35CD202}.Ad-Hoc|x86.Build.0 = Debug|Any CPU
		{E39B4FC3-5F7D-4849-9783-3A30A35CD202}.Ad-Hoc|x86.Deploy.0 = Debug|Any CPU
		{E39B4FC3-5F7D-4849-9783-3A30A35CD202}.AppStore|Any CPU.ActiveCfg = Release|Any CPU
		{E39B4FC3-5F7D-4849-9783-3A30A35CD202}.AppStore|Any CPU.Build.0 = Release|Any CPU
		{E39B4FC3-5F7D-4849-9783-3A30A35CD202}.AppStore|Any CPU.Deploy.0 = Release|Any CPU
		{E39B4FC3-5F7D-4849-9783-3A30A35CD202}.AppStore|ARM.ActiveCfg = Debug|Any CPU
		{E39B4FC3-5F7D-4849-9783-3A30A35CD202}.AppStore|ARM.Build.0 = Debug|Any CPU
		{E39B4FC3-5F7D-4849-9783-3A30A35CD202}.AppStore|ARM.Deploy.0 = Debug|Any CPU
		{E39B4FC3-5F7D-4849-9783-3A30A35CD202}.AppStore|iPhone.ActiveCfg = Release|Any CPU
		{E39B4FC3-5F7D-4849-9783-3A30A35CD202}.AppStore|iPhone.Build.0 = Release|Any CPU
		{E39B4FC3-5F7D-4849-9783-3A30A35CD202}.AppStore|iPhone.Deploy.0 = Release|Any CPU
		{E39B4FC3-5F7D-4849-9783-3A30A35CD202}.AppStore|iPhoneSimulator.ActiveCfg = Release|Any CPU
		{E39B4FC3-5F7D-4849-9783-3A30A35CD202}.AppStore|iPhoneSimulator.Build.0 = Release|Any CPU
		{E39B4FC3-5F7D-4849-9783-3A30A35CD202}.AppStore|iPhoneSimulator.Deploy.0 = Release|Any CPU
		{E39B4FC3-5F7D-4849-9783-3A30A35CD202}.AppStore|x64.ActiveCfg = Debug|Any CPU
		{E39B4FC3-5F7D-4849-9783-3A30A35CD202}.AppStore|x64.Build.0 = Debug|Any CPU
		{E39B4FC3-5F7D-4849-9783-3A30A35CD202}.AppStore|x64.Deploy.0 = Debug|Any CPU
		{E39B4FC3-5F7D-4849-9783-3A30A35CD202}.AppStore|x86.ActiveCfg = Debug|Any CPU
		{E39B4FC3-5F7D-4849-9783-3A30A35CD202}.AppStore|x86.Build.0 = Debug|Any CPU
		{E39B4FC3-5F7D-4849-9783-3A30A35CD202}.AppStore|x86.Deploy.0 = Debug|Any CPU
		{E39B4FC3-5F7D-4849-9783-3A30A35CD202}.Debug|Any CPU.ActiveCfg = Debug|Any CPU
		{E39B4FC3-5F7D-4849-9783-3A30A35CD202}.Debug|Any CPU.Build.0 = Debug|Any CPU
		{E39B4FC3-5F7D-4849-9783-3A30A35CD202}.Debug|Any CPU.Deploy.0 = Debug|Any CPU
		{E39B4FC3-5F7D-4849-9783-3A30A35CD202}.Debug|ARM.ActiveCfg = Debug|Any CPU
		{E39B4FC3-5F7D-4849-9783-3A30A35CD202}.Debug|ARM.Build.0 = Debug|Any CPU
		{E39B4FC3-5F7D-4849-9783-3A30A35CD202}.Debug|ARM.Deploy.0 = Debug|Any CPU
		{E39B4FC3-5F7D-4849-9783-3A30A35CD202}.Debug|iPhone.ActiveCfg = Debug|Any CPU
		{E39B4FC3-5F7D-4849-9783-3A30A35CD202}.Debug|iPhone.Build.0 = Debug|Any CPU
		{E39B4FC3-5F7D-4849-9783-3A30A35CD202}.Debug|iPhone.Deploy.0 = Debug|Any CPU
		{E39B4FC3-5F7D-4849-9783-3A30A35CD202}.Debug|iPhoneSimulator.ActiveCfg = Debug|Any CPU
		{E39B4FC3-5F7D-4849-9783-3A30A35CD202}.Debug|iPhoneSimulator.Build.0 = Debug|Any CPU
		{E39B4FC3-5F7D-4849-9783-3A30A35CD202}.Debug|iPhoneSimulator.Deploy.0 = Debug|Any CPU
		{E39B4FC3-5F7D-4849-9783-3A30A35CD202}.Debug|x64.ActiveCfg = Debug|Any CPU
		{E39B4FC3-5F7D-4849-9783-3A30A35CD202}.Debug|x64.Build.0 = Debug|Any CPU
		{E39B4FC3-5F7D-4849-9783-3A30A35CD202}.Debug|x64.Deploy.0 = Debug|Any CPU
		{E39B4FC3-5F7D-4849-9783-3A30A35CD202}.Debug|x86.ActiveCfg = Debug|Any CPU
		{E39B4FC3-5F7D-4849-9783-3A30A35CD202}.Debug|x86.Build.0 = Debug|Any CPU
		{E39B4FC3-5F7D-4849-9783-3A30A35CD202}.Debug|x86.Deploy.0 = Debug|Any CPU
		{E39B4FC3-5F7D-4849-9783-3A30A35CD202}.Release|Any CPU.ActiveCfg = Release|Any CPU
		{E39B4FC3-5F7D-4849-9783-3A30A35CD202}.Release|Any CPU.Build.0 = Release|Any CPU
		{E39B4FC3-5F7D-4849-9783-3A30A35CD202}.Release|Any CPU.Deploy.0 = Release|Any CPU
		{E39B4FC3-5F7D-4849-9783-3A30A35CD202}.Release|ARM.ActiveCfg = Release|Any CPU
		{E39B4FC3-5F7D-4849-9783-3A30A35CD202}.Release|ARM.Build.0 = Release|Any CPU
		{E39B4FC3-5F7D-4849-9783-3A30A35CD202}.Release|ARM.Deploy.0 = Release|Any CPU
		{E39B4FC3-5F7D-4849-9783-3A30A35CD202}.Release|iPhone.ActiveCfg = Release|Any CPU
		{E39B4FC3-5F7D-4849-9783-3A30A35CD202}.Release|iPhone.Build.0 = Release|Any CPU
		{E39B4FC3-5F7D-4849-9783-3A30A35CD202}.Release|iPhone.Deploy.0 = Release|Any CPU
		{E39B4FC3-5F7D-4849-9783-3A30A35CD202}.Release|iPhoneSimulator.ActiveCfg = Release|Any CPU
		{E39B4FC3-5F7D-4849-9783-3A30A35CD202}.Release|iPhoneSimulator.Build.0 = Release|Any CPU
		{E39B4FC3-5F7D-4849-9783-3A30A35CD202}.Release|iPhoneSimulator.Deploy.0 = Release|Any CPU
		{E39B4FC3-5F7D-4849-9783-3A30A35CD202}.Release|x64.ActiveCfg = Release|Any CPU
		{E39B4FC3-5F7D-4849-9783-3A30A35CD202}.Release|x64.Build.0 = Release|Any CPU
		{E39B4FC3-5F7D-4849-9783-3A30A35CD202}.Release|x64.Deploy.0 = Release|Any CPU
		{E39B4FC3-5F7D-4849-9783-3A30A35CD202}.Release|x86.ActiveCfg = Release|Any CPU
		{E39B4FC3-5F7D-4849-9783-3A30A35CD202}.Release|x86.Build.0 = Release|Any CPU
		{E39B4FC3-5F7D-4849-9783-3A30A35CD202}.Release|x86.Deploy.0 = Release|Any CPU
		{1FD88E6D-B0D5-45CD-AA86-36D67193C2D0}.Ad-Hoc|Any CPU.ActiveCfg = Ad-Hoc|iPhone
		{1FD88E6D-B0D5-45CD-AA86-36D67193C2D0}.Ad-Hoc|ARM.ActiveCfg = Ad-Hoc|iPhoneSimulator
		{1FD88E6D-B0D5-45CD-AA86-36D67193C2D0}.Ad-Hoc|iPhone.ActiveCfg = Ad-Hoc|iPhone
		{1FD88E6D-B0D5-45CD-AA86-36D67193C2D0}.Ad-Hoc|iPhone.Build.0 = Ad-Hoc|iPhone
		{1FD88E6D-B0D5-45CD-AA86-36D67193C2D0}.Ad-Hoc|iPhoneSimulator.ActiveCfg = Ad-Hoc|iPhoneSimulator
		{1FD88E6D-B0D5-45CD-AA86-36D67193C2D0}.Ad-Hoc|iPhoneSimulator.Build.0 = Ad-Hoc|iPhoneSimulator
		{1FD88E6D-B0D5-45CD-AA86-36D67193C2D0}.Ad-Hoc|x64.ActiveCfg = Ad-Hoc|iPhoneSimulator
		{1FD88E6D-B0D5-45CD-AA86-36D67193C2D0}.Ad-Hoc|x86.ActiveCfg = Ad-Hoc|iPhoneSimulator
		{1FD88E6D-B0D5-45CD-AA86-36D67193C2D0}.AppStore|Any CPU.ActiveCfg = AppStore|iPhone
		{1FD88E6D-B0D5-45CD-AA86-36D67193C2D0}.AppStore|ARM.ActiveCfg = AppStore|iPhoneSimulator
		{1FD88E6D-B0D5-45CD-AA86-36D67193C2D0}.AppStore|iPhone.ActiveCfg = AppStore|iPhone
		{1FD88E6D-B0D5-45CD-AA86-36D67193C2D0}.AppStore|iPhone.Build.0 = AppStore|iPhone
		{1FD88E6D-B0D5-45CD-AA86-36D67193C2D0}.AppStore|iPhoneSimulator.ActiveCfg = AppStore|iPhoneSimulator
		{1FD88E6D-B0D5-45CD-AA86-36D67193C2D0}.AppStore|iPhoneSimulator.Build.0 = AppStore|iPhoneSimulator
		{1FD88E6D-B0D5-45CD-AA86-36D67193C2D0}.AppStore|x64.ActiveCfg = AppStore|iPhoneSimulator
		{1FD88E6D-B0D5-45CD-AA86-36D67193C2D0}.AppStore|x86.ActiveCfg = AppStore|iPhoneSimulator
		{1FD88E6D-B0D5-45CD-AA86-36D67193C2D0}.Debug|Any CPU.ActiveCfg = Debug|iPhone
		{1FD88E6D-B0D5-45CD-AA86-36D67193C2D0}.Debug|ARM.ActiveCfg = Debug|iPhoneSimulator
		{1FD88E6D-B0D5-45CD-AA86-36D67193C2D0}.Debug|iPhone.ActiveCfg = Debug|iPhone
		{1FD88E6D-B0D5-45CD-AA86-36D67193C2D0}.Debug|iPhone.Build.0 = Debug|iPhone
		{1FD88E6D-B0D5-45CD-AA86-36D67193C2D0}.Debug|iPhoneSimulator.ActiveCfg = Debug|iPhoneSimulator
		{1FD88E6D-B0D5-45CD-AA86-36D67193C2D0}.Debug|iPhoneSimulator.Build.0 = Debug|iPhoneSimulator
		{1FD88E6D-B0D5-45CD-AA86-36D67193C2D0}.Debug|x64.ActiveCfg = Debug|iPhoneSimulator
		{1FD88E6D-B0D5-45CD-AA86-36D67193C2D0}.Debug|x86.ActiveCfg = Debug|iPhoneSimulator
		{1FD88E6D-B0D5-45CD-AA86-36D67193C2D0}.Release|Any CPU.ActiveCfg = Release|iPhone
		{1FD88E6D-B0D5-45CD-AA86-36D67193C2D0}.Release|ARM.ActiveCfg = Release|iPhoneSimulator
		{1FD88E6D-B0D5-45CD-AA86-36D67193C2D0}.Release|iPhone.ActiveCfg = Release|iPhone
		{1FD88E6D-B0D5-45CD-AA86-36D67193C2D0}.Release|iPhone.Build.0 = Release|iPhone
		{1FD88E6D-B0D5-45CD-AA86-36D67193C2D0}.Release|iPhoneSimulator.ActiveCfg = Release|iPhoneSimulator
		{1FD88E6D-B0D5-45CD-AA86-36D67193C2D0}.Release|iPhoneSimulator.Build.0 = Release|iPhoneSimulator
		{1FD88E6D-B0D5-45CD-AA86-36D67193C2D0}.Release|x64.ActiveCfg = Release|iPhoneSimulator
		{1FD88E6D-B0D5-45CD-AA86-36D67193C2D0}.Release|x86.ActiveCfg = Release|iPhoneSimulator
		{87A4C43A-2C46-478E-8B04-2039E8D50602}.Ad-Hoc|Any CPU.ActiveCfg = Release|x64
		{87A4C43A-2C46-478E-8B04-2039E8D50602}.Ad-Hoc|Any CPU.Build.0 = Release|x64
		{87A4C43A-2C46-478E-8B04-2039E8D50602}.Ad-Hoc|Any CPU.Deploy.0 = Release|x64
		{87A4C43A-2C46-478E-8B04-2039E8D50602}.Ad-Hoc|ARM.ActiveCfg = Release|ARM
		{87A4C43A-2C46-478E-8B04-2039E8D50602}.Ad-Hoc|ARM.Build.0 = Release|ARM
		{87A4C43A-2C46-478E-8B04-2039E8D50602}.Ad-Hoc|ARM.Deploy.0 = Release|ARM
		{87A4C43A-2C46-478E-8B04-2039E8D50602}.Ad-Hoc|iPhone.ActiveCfg = Release|x64
		{87A4C43A-2C46-478E-8B04-2039E8D50602}.Ad-Hoc|iPhone.Build.0 = Release|x64
		{87A4C43A-2C46-478E-8B04-2039E8D50602}.Ad-Hoc|iPhone.Deploy.0 = Release|x64
		{87A4C43A-2C46-478E-8B04-2039E8D50602}.Ad-Hoc|iPhoneSimulator.ActiveCfg = Release|x64
		{87A4C43A-2C46-478E-8B04-2039E8D50602}.Ad-Hoc|iPhoneSimulator.Build.0 = Release|x64
		{87A4C43A-2C46-478E-8B04-2039E8D50602}.Ad-Hoc|iPhoneSimulator.Deploy.0 = Release|x64
		{87A4C43A-2C46-478E-8B04-2039E8D50602}.Ad-Hoc|x64.ActiveCfg = Release|x64
		{87A4C43A-2C46-478E-8B04-2039E8D50602}.Ad-Hoc|x64.Build.0 = Release|x64
		{87A4C43A-2C46-478E-8B04-2039E8D50602}.Ad-Hoc|x64.Deploy.0 = Release|x64
		{87A4C43A-2C46-478E-8B04-2039E8D50602}.Ad-Hoc|x86.ActiveCfg = Release|x86
		{87A4C43A-2C46-478E-8B04-2039E8D50602}.Ad-Hoc|x86.Build.0 = Release|x86
		{87A4C43A-2C46-478E-8B04-2039E8D50602}.Ad-Hoc|x86.Deploy.0 = Release|x86
		{87A4C43A-2C46-478E-8B04-2039E8D50602}.AppStore|Any CPU.ActiveCfg = Release|x64
		{87A4C43A-2C46-478E-8B04-2039E8D50602}.AppStore|Any CPU.Build.0 = Release|x64
		{87A4C43A-2C46-478E-8B04-2039E8D50602}.AppStore|Any CPU.Deploy.0 = Release|x64
		{87A4C43A-2C46-478E-8B04-2039E8D50602}.AppStore|ARM.ActiveCfg = Release|ARM
		{87A4C43A-2C46-478E-8B04-2039E8D50602}.AppStore|ARM.Build.0 = Release|ARM
		{87A4C43A-2C46-478E-8B04-2039E8D50602}.AppStore|ARM.Deploy.0 = Release|ARM
		{87A4C43A-2C46-478E-8B04-2039E8D50602}.AppStore|iPhone.ActiveCfg = Release|x64
		{87A4C43A-2C46-478E-8B04-2039E8D50602}.AppStore|iPhone.Build.0 = Release|x64
		{87A4C43A-2C46-478E-8B04-2039E8D50602}.AppStore|iPhone.Deploy.0 = Release|x64
		{87A4C43A-2C46-478E-8B04-2039E8D50602}.AppStore|iPhoneSimulator.ActiveCfg = Release|x64
		{87A4C43A-2C46-478E-8B04-2039E8D50602}.AppStore|iPhoneSimulator.Build.0 = Release|x64
		{87A4C43A-2C46-478E-8B04-2039E8D50602}.AppStore|iPhoneSimulator.Deploy.0 = Release|x64
		{87A4C43A-2C46-478E-8B04-2039E8D50602}.AppStore|x64.ActiveCfg = Release|x64
		{87A4C43A-2C46-478E-8B04-2039E8D50602}.AppStore|x64.Build.0 = Release|x64
		{87A4C43A-2C46-478E-8B04-2039E8D50602}.AppStore|x64.Deploy.0 = Release|x64
		{87A4C43A-2C46-478E-8B04-2039E8D50602}.AppStore|x86.ActiveCfg = Release|x86
		{87A4C43A-2C46-478E-8B04-2039E8D50602}.AppStore|x86.Build.0 = Release|x86
		{87A4C43A-2C46-478E-8B04-2039E8D50602}.AppStore|x86.Deploy.0 = Release|x86
		{87A4C43A-2C46-478E-8B04-2039E8D50602}.Debug|Any CPU.ActiveCfg = Debug|x86
		{87A4C43A-2C46-478E-8B04-2039E8D50602}.Debug|Any CPU.Build.0 = Debug|x86
		{87A4C43A-2C46-478E-8B04-2039E8D50602}.Debug|Any CPU.Deploy.0 = Debug|x86
		{87A4C43A-2C46-478E-8B04-2039E8D50602}.Debug|ARM.ActiveCfg = Debug|ARM
		{87A4C43A-2C46-478E-8B04-2039E8D50602}.Debug|ARM.Build.0 = Debug|ARM
		{87A4C43A-2C46-478E-8B04-2039E8D50602}.Debug|ARM.Deploy.0 = Debug|ARM
		{87A4C43A-2C46-478E-8B04-2039E8D50602}.Debug|iPhone.ActiveCfg = Debug|x86
		{87A4C43A-2C46-478E-8B04-2039E8D50602}.Debug|iPhoneSimulator.ActiveCfg = Debug|x86
		{87A4C43A-2C46-478E-8B04-2039E8D50602}.Debug|x64.ActiveCfg = Debug|x64
		{87A4C43A-2C46-478E-8B04-2039E8D50602}.Debug|x64.Build.0 = Debug|x64
		{87A4C43A-2C46-478E-8B04-2039E8D50602}.Debug|x64.Deploy.0 = Debug|x64
		{87A4C43A-2C46-478E-8B04-2039E8D50602}.Debug|x86.ActiveCfg = Debug|x86
		{87A4C43A-2C46-478E-8B04-2039E8D50602}.Debug|x86.Build.0 = Debug|x86
		{87A4C43A-2C46-478E-8B04-2039E8D50602}.Debug|x86.Deploy.0 = Debug|x86
		{87A4C43A-2C46-478E-8B04-2039E8D50602}.Release|Any CPU.ActiveCfg = Release|x86
		{87A4C43A-2C46-478E-8B04-2039E8D50602}.Release|ARM.ActiveCfg = Release|ARM
		{87A4C43A-2C46-478E-8B04-2039E8D50602}.Release|ARM.Build.0 = Release|ARM
		{87A4C43A-2C46-478E-8B04-2039E8D50602}.Release|ARM.Deploy.0 = Release|ARM
		{87A4C43A-2C46-478E-8B04-2039E8D50602}.Release|iPhone.ActiveCfg = Release|x86
		{87A4C43A-2C46-478E-8B04-2039E8D50602}.Release|iPhoneSimulator.ActiveCfg = Release|x86
		{87A4C43A-2C46-478E-8B04-2039E8D50602}.Release|x64.ActiveCfg = Release|x64
		{87A4C43A-2C46-478E-8B04-2039E8D50602}.Release|x64.Build.0 = Release|x64
		{87A4C43A-2C46-478E-8B04-2039E8D50602}.Release|x64.Deploy.0 = Release|x64
		{87A4C43A-2C46-478E-8B04-2039E8D50602}.Release|x86.ActiveCfg = Release|x86
		{87A4C43A-2C46-478E-8B04-2039E8D50602}.Release|x86.Build.0 = Release|x86
		{87A4C43A-2C46-478E-8B04-2039E8D50602}.Release|x86.Deploy.0 = Release|x86
		{67F9D3A8-F71E-4428-913F-C37AE82CDB24}.Ad-Hoc|Any CPU.ActiveCfg = Release|Any CPU
		{67F9D3A8-F71E-4428-913F-C37AE82CDB24}.Ad-Hoc|Any CPU.Build.0 = Release|Any CPU
		{67F9D3A8-F71E-4428-913F-C37AE82CDB24}.Ad-Hoc|ARM.ActiveCfg = Release|Any CPU
		{67F9D3A8-F71E-4428-913F-C37AE82CDB24}.Ad-Hoc|ARM.Build.0 = Release|Any CPU
		{67F9D3A8-F71E-4428-913F-C37AE82CDB24}.Ad-Hoc|iPhone.ActiveCfg = Release|Any CPU
		{67F9D3A8-F71E-4428-913F-C37AE82CDB24}.Ad-Hoc|iPhone.Build.0 = Release|Any CPU
		{67F9D3A8-F71E-4428-913F-C37AE82CDB24}.Ad-Hoc|iPhoneSimulator.ActiveCfg = Release|Any CPU
		{67F9D3A8-F71E-4428-913F-C37AE82CDB24}.Ad-Hoc|iPhoneSimulator.Build.0 = Release|Any CPU
		{67F9D3A8-F71E-4428-913F-C37AE82CDB24}.Ad-Hoc|x64.ActiveCfg = Release|Any CPU
		{67F9D3A8-F71E-4428-913F-C37AE82CDB24}.Ad-Hoc|x64.Build.0 = Release|Any CPU
		{67F9D3A8-F71E-4428-913F-C37AE82CDB24}.Ad-Hoc|x86.ActiveCfg = Release|Any CPU
		{67F9D3A8-F71E-4428-913F-C37AE82CDB24}.Ad-Hoc|x86.Build.0 = Release|Any CPU
		{67F9D3A8-F71E-4428-913F-C37AE82CDB24}.AppStore|Any CPU.ActiveCfg = Release|Any CPU
		{67F9D3A8-F71E-4428-913F-C37AE82CDB24}.AppStore|Any CPU.Build.0 = Release|Any CPU
		{67F9D3A8-F71E-4428-913F-C37AE82CDB24}.AppStore|ARM.ActiveCfg = Release|Any CPU
		{67F9D3A8-F71E-4428-913F-C37AE82CDB24}.AppStore|ARM.Build.0 = Release|Any CPU
		{67F9D3A8-F71E-4428-913F-C37AE82CDB24}.AppStore|iPhone.ActiveCfg = Release|Any CPU
		{67F9D3A8-F71E-4428-913F-C37AE82CDB24}.AppStore|iPhone.Build.0 = Release|Any CPU
		{67F9D3A8-F71E-4428-913F-C37AE82CDB24}.AppStore|iPhoneSimulator.ActiveCfg = Release|Any CPU
		{67F9D3A8-F71E-4428-913F-C37AE82CDB24}.AppStore|iPhoneSimulator.Build.0 = Release|Any CPU
		{67F9D3A8-F71E-4428-913F-C37AE82CDB24}.AppStore|x64.ActiveCfg = Release|Any CPU
		{67F9D3A8-F71E-4428-913F-C37AE82CDB24}.AppStore|x64.Build.0 = Release|Any CPU
		{67F9D3A8-F71E-4428-913F-C37AE82CDB24}.AppStore|x86.ActiveCfg = Release|Any CPU
		{67F9D3A8-F71E-4428-913F-C37AE82CDB24}.AppStore|x86.Build.0 = Release|Any CPU
		{67F9D3A8-F71E-4428-913F-C37AE82CDB24}.Debug|Any CPU.ActiveCfg = Debug|Any CPU
		{67F9D3A8-F71E-4428-913F-C37AE82CDB24}.Debug|Any CPU.Build.0 = Debug|Any CPU
		{67F9D3A8-F71E-4428-913F-C37AE82CDB24}.Debug|ARM.ActiveCfg = Debug|Any CPU
		{67F9D3A8-F71E-4428-913F-C37AE82CDB24}.Debug|ARM.Build.0 = Debug|Any CPU
		{67F9D3A8-F71E-4428-913F-C37AE82CDB24}.Debug|iPhone.ActiveCfg = Debug|Any CPU
		{67F9D3A8-F71E-4428-913F-C37AE82CDB24}.Debug|iPhone.Build.0 = Debug|Any CPU
		{67F9D3A8-F71E-4428-913F-C37AE82CDB24}.Debug|iPhoneSimulator.ActiveCfg = Debug|Any CPU
		{67F9D3A8-F71E-4428-913F-C37AE82CDB24}.Debug|iPhoneSimulator.Build.0 = Debug|Any CPU
		{67F9D3A8-F71E-4428-913F-C37AE82CDB24}.Debug|x64.ActiveCfg = Debug|Any CPU
		{67F9D3A8-F71E-4428-913F-C37AE82CDB24}.Debug|x64.Build.0 = Debug|Any CPU
		{67F9D3A8-F71E-4428-913F-C37AE82CDB24}.Debug|x86.ActiveCfg = Debug|Any CPU
		{67F9D3A8-F71E-4428-913F-C37AE82CDB24}.Debug|x86.Build.0 = Debug|Any CPU
		{67F9D3A8-F71E-4428-913F-C37AE82CDB24}.Release|Any CPU.ActiveCfg = Release|Any CPU
		{67F9D3A8-F71E-4428-913F-C37AE82CDB24}.Release|Any CPU.Build.0 = Release|Any CPU
		{67F9D3A8-F71E-4428-913F-C37AE82CDB24}.Release|ARM.ActiveCfg = Release|Any CPU
		{67F9D3A8-F71E-4428-913F-C37AE82CDB24}.Release|ARM.Build.0 = Release|Any CPU
		{67F9D3A8-F71E-4428-913F-C37AE82CDB24}.Release|iPhone.ActiveCfg = Release|Any CPU
		{67F9D3A8-F71E-4428-913F-C37AE82CDB24}.Release|iPhone.Build.0 = Release|Any CPU
		{67F9D3A8-F71E-4428-913F-C37AE82CDB24}.Release|iPhoneSimulator.ActiveCfg = Release|Any CPU
		{67F9D3A8-F71E-4428-913F-C37AE82CDB24}.Release|iPhoneSimulator.Build.0 = Release|Any CPU
		{67F9D3A8-F71E-4428-913F-C37AE82CDB24}.Release|x64.ActiveCfg = Release|Any CPU
		{67F9D3A8-F71E-4428-913F-C37AE82CDB24}.Release|x64.Build.0 = Release|Any CPU
		{67F9D3A8-F71E-4428-913F-C37AE82CDB24}.Release|x86.ActiveCfg = Release|Any CPU
		{67F9D3A8-F71E-4428-913F-C37AE82CDB24}.Release|x86.Build.0 = Release|Any CPU
		{233D62D9-7D31-4FCD-BCD4-4181D9A59C69}.Ad-Hoc|Any CPU.ActiveCfg = Release|Any CPU
		{233D62D9-7D31-4FCD-BCD4-4181D9A59C69}.Ad-Hoc|Any CPU.Build.0 = Release|Any CPU
		{233D62D9-7D31-4FCD-BCD4-4181D9A59C69}.Ad-Hoc|ARM.ActiveCfg = Release|Any CPU
		{233D62D9-7D31-4FCD-BCD4-4181D9A59C69}.Ad-Hoc|ARM.Build.0 = Release|Any CPU
		{233D62D9-7D31-4FCD-BCD4-4181D9A59C69}.Ad-Hoc|iPhone.ActiveCfg = Release|Any CPU
		{233D62D9-7D31-4FCD-BCD4-4181D9A59C69}.Ad-Hoc|iPhone.Build.0 = Release|Any CPU
		{233D62D9-7D31-4FCD-BCD4-4181D9A59C69}.Ad-Hoc|iPhoneSimulator.ActiveCfg = Release|Any CPU
		{233D62D9-7D31-4FCD-BCD4-4181D9A59C69}.Ad-Hoc|iPhoneSimulator.Build.0 = Release|Any CPU
		{233D62D9-7D31-4FCD-BCD4-4181D9A59C69}.Ad-Hoc|x64.ActiveCfg = Release|Any CPU
		{233D62D9-7D31-4FCD-BCD4-4181D9A59C69}.Ad-Hoc|x64.Build.0 = Release|Any CPU
		{233D62D9-7D31-4FCD-BCD4-4181D9A59C69}.Ad-Hoc|x86.ActiveCfg = Release|Any CPU
		{233D62D9-7D31-4FCD-BCD4-4181D9A59C69}.Ad-Hoc|x86.Build.0 = Release|Any CPU
		{233D62D9-7D31-4FCD-BCD4-4181D9A59C69}.AppStore|Any CPU.ActiveCfg = Release|Any CPU
		{233D62D9-7D31-4FCD-BCD4-4181D9A59C69}.AppStore|Any CPU.Build.0 = Release|Any CPU
		{233D62D9-7D31-4FCD-BCD4-4181D9A59C69}.AppStore|ARM.ActiveCfg = Release|Any CPU
		{233D62D9-7D31-4FCD-BCD4-4181D9A59C69}.AppStore|ARM.Build.0 = Release|Any CPU
		{233D62D9-7D31-4FCD-BCD4-4181D9A59C69}.AppStore|iPhone.ActiveCfg = Release|Any CPU
		{233D62D9-7D31-4FCD-BCD4-4181D9A59C69}.AppStore|iPhone.Build.0 = Release|Any CPU
		{233D62D9-7D31-4FCD-BCD4-4181D9A59C69}.AppStore|iPhoneSimulator.ActiveCfg = Release|Any CPU
		{233D62D9-7D31-4FCD-BCD4-4181D9A59C69}.AppStore|iPhoneSimulator.Build.0 = Release|Any CPU
		{233D62D9-7D31-4FCD-BCD4-4181D9A59C69}.AppStore|x64.ActiveCfg = Release|Any CPU
		{233D62D9-7D31-4FCD-BCD4-4181D9A59C69}.AppStore|x64.Build.0 = Release|Any CPU
		{233D62D9-7D31-4FCD-BCD4-4181D9A59C69}.AppStore|x86.ActiveCfg = Release|Any CPU
		{233D62D9-7D31-4FCD-BCD4-4181D9A59C69}.AppStore|x86.Build.0 = Release|Any CPU
		{233D62D9-7D31-4FCD-BCD4-4181D9A59C69}.Debug|Any CPU.ActiveCfg = Debug|Any CPU
		{233D62D9-7D31-4FCD-BCD4-4181D9A59C69}.Debug|Any CPU.Build.0 = Debug|Any CPU
		{233D62D9-7D31-4FCD-BCD4-4181D9A59C69}.Debug|ARM.ActiveCfg = Debug|Any CPU
		{233D62D9-7D31-4FCD-BCD4-4181D9A59C69}.Debug|ARM.Build.0 = Debug|Any CPU
		{233D62D9-7D31-4FCD-BCD4-4181D9A59C69}.Debug|iPhone.ActiveCfg = Debug|Any CPU
		{233D62D9-7D31-4FCD-BCD4-4181D9A59C69}.Debug|iPhone.Build.0 = Debug|Any CPU
		{233D62D9-7D31-4FCD-BCD4-4181D9A59C69}.Debug|iPhoneSimulator.ActiveCfg = Debug|Any CPU
		{233D62D9-7D31-4FCD-BCD4-4181D9A59C69}.Debug|iPhoneSimulator.Build.0 = Debug|Any CPU
		{233D62D9-7D31-4FCD-BCD4-4181D9A59C69}.Debug|x64.ActiveCfg = Debug|Any CPU
		{233D62D9-7D31-4FCD-BCD4-4181D9A59C69}.Debug|x64.Build.0 = Debug|Any CPU
		{233D62D9-7D31-4FCD-BCD4-4181D9A59C69}.Debug|x86.ActiveCfg = Debug|Any CPU
		{233D62D9-7D31-4FCD-BCD4-4181D9A59C69}.Debug|x86.Build.0 = Debug|Any CPU
		{233D62D9-7D31-4FCD-BCD4-4181D9A59C69}.Release|Any CPU.ActiveCfg = Release|Any CPU
		{233D62D9-7D31-4FCD-BCD4-4181D9A59C69}.Release|Any CPU.Build.0 = Release|Any CPU
		{233D62D9-7D31-4FCD-BCD4-4181D9A59C69}.Release|ARM.ActiveCfg = Release|Any CPU
		{233D62D9-7D31-4FCD-BCD4-4181D9A59C69}.Release|ARM.Build.0 = Release|Any CPU
		{233D62D9-7D31-4FCD-BCD4-4181D9A59C69}.Release|iPhone.ActiveCfg = Release|Any CPU
		{233D62D9-7D31-4FCD-BCD4-4181D9A59C69}.Release|iPhone.Build.0 = Release|Any CPU
		{233D62D9-7D31-4FCD-BCD4-4181D9A59C69}.Release|iPhoneSimulator.ActiveCfg = Release|Any CPU
		{233D62D9-7D31-4FCD-BCD4-4181D9A59C69}.Release|iPhoneSimulator.Build.0 = Release|Any CPU
		{233D62D9-7D31-4FCD-BCD4-4181D9A59C69}.Release|x64.ActiveCfg = Release|Any CPU
		{233D62D9-7D31-4FCD-BCD4-4181D9A59C69}.Release|x64.Build.0 = Release|Any CPU
		{233D62D9-7D31-4FCD-BCD4-4181D9A59C69}.Release|x86.ActiveCfg = Release|Any CPU
		{233D62D9-7D31-4FCD-BCD4-4181D9A59C69}.Release|x86.Build.0 = Release|Any CPU
	EndGlobalSection
	GlobalSection(SolutionProperties) = preSolution
		HideSolutionNode = FALSE
	EndGlobalSection
EndGlobal
